
Microsoft Visual Studio Solution File, Format Version 12.00
# Visual Studio Version 16
VisualStudioVersion = 16.0.30320.27
MinimumVisualStudioVersion = 10.0.40219.1
Project("{8BC9CEB8-8B4A-11D0-8D11-00A0C91BC942}") = "6-Family_Tree", "6-Family_Tree.vcxproj", "{0F0D82F4-52CF-4B64-982F-C7E5B9D940E9}"
EndProject
Global
	GlobalSection(SolutionConfigurationPlatforms) = preSolution
		Debug|x64 = Debug|x64
		Debug|x86 = Debug|x86
		Release|x64 = Release|x64
		Release|x86 = Release|x86
	EndGlobalSection
	GlobalSection(ProjectConfigurationPlatforms) = postSolution
		{0F0D82F4-52CF-4B64-982F-C7E5B9D940E9}.Debug|x64.ActiveCfg = Debug|x64
		{0F0D82F4-52CF-4B64-982F-C7E5B9D940E9}.Debug|x64.Build.0 = Debug|x64
		{0F0D82F4-52CF-4B64-982F-C7E5B9D940E9}.Debug|x86.ActiveCfg = Debug|Win32
		{0F0D82F4-52CF-4B64-982F-C7E5B9D940E9}.Debug|x86.Build.0 = Debug|Win32
		{0F0D82F4-52CF-4B64-982F-C7E5B9D940E9}.Release|x64.ActiveCfg = Release|x64
		{0F0D82F4-52CF-4B64-982F-C7E5B9D940E9}.Release|x64.Build.0 = Release|x64
		{0F0D82F4-52CF-4B64-982F-C7E5B9D940E9}.Release|x86.ActiveCfg = Release|Win32
		{0F0D82F4-52CF-4B64-982F-C7E5B9D940E9}.Release|x86.Build.0 = Release|Win32
	EndGlobalSection
	GlobalSection(SolutionProperties) = preSolution
		HideSolutionNode = FALSE
	EndGlobalSection
	GlobalSection(ExtensibilityGlobals) = postSolution
		SolutionGuid = {67012C3E-F734-4BFE-B7DC-29AB3EA7B269}
	EndGlobalSection
EndGlobal
